[root]
name = "fblog"
version = "0.1.0"
dependencies = [
 "ansi_term 0.9.0 (registry+https://github.com/rust-lang/crates.io-index)",
 "serde_json 1.0.2 (registry+https://github.com/rust-lang/crates.io-index)",
]

[[package]]
name = "ansi_term"
version = "0.9.0"
source = "registry+https://github.com/rust-lang/crates.io-index"

[[package]]
name = "dtoa"
version = "0.4.1"
source = "registry+https://github.com/rust-lang/crates.io-index"

[[package]]
name = "itoa"
version = "0.3.1"
source = "registry+https://github.com/rust-lang/crates.io-index"

[[package]]
name = "num-traits"
version = "0.1.39"
source = "registry+https://github.com/rust-lang/crates.io-index"

[[package]]
name = "serde"
version = "1.0.9"
source = "registry+https://github.com/rust-lang/crates.io-index"

[[package]]
name = "serde_json"
version = "1.0.2"
source = "registry+https://github.com/rust-lang/crates.io-index"
dependencies = [
 "dtoa 0.4.1 (registry+https://github.com/rust-lang/crates.io-index)",
 "itoa 0.3.1 (registry+https://github.com/rust-lang/crates.io-index)",
 "num-traits 0.1.39 (registry+https://github.com/rust-lang/crates.io-index)",
 "serde 1.0.9 (registry+https://github.com/rust-lang/crates.io-index)",
]

[metadata]
"checksum ansi_term 0.9.0 (registry+https://github.com/rust-lang/crates.io-index)" = "23ac7c30002a5accbf7e8987d0632fa6de155b7c3d39d0067317a391e00a2ef6"
"checksum dtoa 0.4.1 (registry+https://github.com/rust-lang/crates.io-index)" = "80c8b71fd71146990a9742fc06dcbbde19161a267e0ad4e572c35162f4578c90"
"checksum itoa 0.3.1 (registry+https://github.com/rust-lang/crates.io-index)" = "eb2f404fbc66fd9aac13e998248505e7ecb2ad8e44ab6388684c5fb11c6c251c"
"checksum num-traits 0.1.39 (registry+https://github.com/rust-lang/crates.io-index)" = "1708c0628602a98b52fad936cf3edb9a107af06e52e49fdf0707e884456a6af6"
"checksum serde 1.0.9 (registry+https://github.com/rust-lang/crates.io-index)" = "6a7c6b751a2e8d5df57a5ff71b5b4fc8aaee9ee28ff1341d640dd130bb5f4f7a"
"checksum serde_json 1.0.2 (registry+https://github.com/rust-lang/crates.io-index)" = "48b04779552e92037212c3615370f6bd57a40ebba7f20e554ff9f55e41a69a7b"
